# This file is autogenerated, do not edit; changes may be undone by the next 'dep ensure'.


[[projects]]
  name = "cloud.google.com/go"
  packages = ["compute/metadata","iam","internal/optional","internal/version","pubsub","pubsub/apiv1"]
  revision = "b1067c1d21b537cf0970ff61d3f28dbb9e595c78"

[[projects]]
  branch = "master"
  name = "github.com/BurntSushi/toml"
  packages = ["."]
  revision = "96f3d827bb6ccb090f837909081c18402777232d"
  source = "https://github.com/Dieterbe/toml.git"

[[projects]]
  branch = "master"
  name = "github.com/Dieterbe/go-metrics"
  packages = [".","exp"]
  revision = "87383909479ded2517a32386e5046d148fb906a4"

[[projects]]
  branch = "master"
  name = "github.com/Dieterbe/topic"
  packages = ["."]
  revision = "1850ffda9965e5174c6bdada0db130e122a214f1"

[[projects]]
  name = "github.com/Shopify/sarama"
  packages = ["."]
  revision = "ec843464b50d4c8b56403ec9d589cf41ea30e722"
  version = "v1.19.0"

[[projects]]
  name = "github.com/aws/aws-sdk-go"
  packages = ["aws","aws/awserr","aws/awsutil","aws/client","aws/client/metadata","aws/corehandlers","aws/credentials","aws/credentials/ec2rolecreds","aws/credentials/endpointcreds","aws/credentials/stscreds","aws/csm","aws/defaults","aws/ec2metadata","aws/endpoints","aws/request","aws/session","aws/signer/v4","internal/sdkio","internal/sdkrand","internal/sdkuri","internal/shareddefaults","private/protocol","private/protocol/query","private/protocol/query/queryutil","private/protocol/rest","private/protocol/xml/xmlutil","service/cloudwatch","service/sts"]
  revision = "bf8067ceb6e7f51e150c218972dccfeeed892b85"
  version = "v1.15.54"

[[projects]]
  name = "github.com/bmizerany/assert"
  packages = ["."]
  revision = "e17e99893cb6509f428e1728281c2ad60a6b31e3"

[[projects]]
  branch = "master"
  name = "github.com/codeskyblue/go-uuid"
  packages = ["."]
  revision = "952abbca900b023c1a80bc522ff4795db50d9d6c"

[[projects]]
  name = "github.com/davecgh/go-spew"
  packages = ["spew"]
  revision = "2df174808ee097f90d259e432cc04442cf60be21"

[[projects]]
  name = "github.com/eapache/go-resiliency"
  packages = ["breaker"]
  revision = "b86b1ec0dd4209a588dc1285cdd471e73525c0b3"

[[projects]]
  name = "github.com/eapache/go-xerial-snappy"
  packages = ["."]
  revision = "bb955e01b9346ac19dc29eb16586c90ded99a98c"

[[projects]]
  name = "github.com/eapache/queue"
  packages = ["."]
  revision = "ded5959c0d4e360646dc9e9908cff48666781367"
  version = "v1.0.2"

[[projects]]
  name = "github.com/elazarl/go-bindata-assetfs"
  packages = ["."]
  revision = "57eb5e1fc594ad4b0b1dbea7b286d299e0cb43c2"

[[projects]]
  name = "github.com/go-ini/ini"
  packages = ["."]
  revision = "7b294651033cd7d9e7f0d9ffa1b75ed1e198e737"
  version = "v1.38.3"

[[projects]]
  name = "github.com/golang/protobuf"
  packages = ["proto","protoc-gen-go/descriptor","ptypes","ptypes/any","ptypes/duration","ptypes/empty","ptypes/timestamp"]
  revision = "1e59b77b52bf8e4b449a57e6f79f21226d571845"

[[projects]]
  name = "github.com/golang/snappy"
  packages = ["."]
  revision = "7db9049039a047d955fe8c19b83c8ff5abd765c7"

[[projects]]
  name = "github.com/googleapis/gax-go"
  packages = ["."]
  revision = "317e0006254c44a0ac427cc52a0e083ff0b9622f"
  version = "v2.0.0"

[[projects]]
  name = "github.com/gorilla/context"
  packages = ["."]
  revision = "215affda49addc4c8ef7e2534915df2c8c35c6cd"

[[projects]]
  name = "github.com/gorilla/handlers"
  packages = ["."]
  revision = "7e0847f9db758cdebd26c149d0ae9d5d0b9c98ce"
  version = "v1.4.0"

[[projects]]
  name = "github.com/gorilla/mux"
  packages = ["."]
  revision = "14cafe28513321476c73967a5a4f3454b6129c46"

[[projects]]
  name = "github.com/jmespath/go-jmespath"
  packages = ["."]
  revision = "0b12d6b5"

[[projects]]
  name = "github.com/jpillora/backoff"
  packages = ["."]
  revision = "0496a6c14df020789376f4d4a261273d5ddb36ec"

[[projects]]
  name = "github.com/kisielk/og-rek"
  packages = ["."]
  revision = "ec792bc6e6aa06a6c490e8d292e15cca173c8bd3"

[[projects]]
  name = "github.com/konsorten/go-windows-terminal-sequences"
  packages = ["."]
  revision = "5c8c8bd35d3832f5d134ae1e1e375b69a4d25242"
  version = "v1.0.1"

[[projects]]
  name = "github.com/kr/pretty"
  packages = ["."]
  revision = "add1dbc86daf0f983cd4a48ceb39deb95c729b67"

[[projects]]
  name = "github.com/kr/text"
  packages = ["."]
  revision = "bb797dc4fb8320488f47bf11de07a733d7233e1f"

[[projects]]
  branch = "master"
  name = "github.com/libp2p/go-reuseport"
  packages = ["."]
  revision = "b72b23b78b80078df1a7991f6ca39942cb8cc5e1"

[[projects]]
  branch = "master"
  name = "github.com/metrics20/go-metrics20"
  packages = ["carbon20"]
  revision = "717ed3a27bf9f8d2469e7ea5b36037a4793eee44"

[[projects]]
  name = "github.com/philhofer/fwd"
  packages = ["."]
  revision = "92647f2bd94a89b170c19e96e6456dd64ac37e1a"

[[projects]]
  name = "github.com/pierrec/lz4"
  packages = ["."]
  revision = "5c9560bfa9ace2bf86080bf40d46b34ae44604df"
  version = "v1.0"

[[projects]]
  name = "github.com/pierrec/xxHash"
  packages = ["xxHash32"]
  revision = "5a004441f897722c627870a981d02b29924215fa"

[[projects]]
  name = "github.com/pkg/errors"
  packages = ["."]
  revision = "ba968bfe8b2f7e042a574c888954fccecfa385b4"
  version = "v0.8.1"

[[projects]]
  name = "github.com/pmezard/go-difflib"
  packages = ["difflib"]
  revision = "792786c7400a136282c1664665ae0a8db921c6c2"
  version = "v1.0.0"

[[projects]]
  name = "github.com/raintank/metrictank"
  packages = ["cluster/partitioner"]
  revision = "c1b3cb1beb4aee2aa66d9d8f3f53a569be73ee73"

[[projects]]
  name = "github.com/rcrowley/go-metrics"
  packages = ["."]
  revision = "7da7ed57785040df39407030c3f8f39747383bed"

[[projects]]
  name = "github.com/sirupsen/logrus"
  packages = ["."]
  revision = "08e90462da344fbb3880e8e47a0ddacc37508579"

[[projects]]
  name = "github.com/streadway/amqp"
  packages = ["."]
  revision = "dfe15e36048539f4cda41f240b27a5ca25b9cd46"

[[projects]]
  name = "github.com/stretchr/testify"
  packages = ["assert"]
  revision = "69483b4bd14f5845b5a1e55bca19e954e827f1d0"
  version = "v1.1.4"

[[projects]]
  branch = "master"
  name = "github.com/taylorchu/toki"
  packages = ["."]
  revision = "20e86122596c457c2d8a0bcd7af3158fbc7dd79e"

[[projects]]
  name = "github.com/tinylib/msgp"
  packages = ["msgp"]
  revision = "0cea1fa86e8403be1284013014f87ab942056de8"
  version = "v1.0-beta"

[[projects]]
  branch = "master"
  name = "golang.org/x/crypto"
  packages = ["ssh/terminal"]
  revision = "0c41d7ab0a0ee717d4590a44bcb987dfd9e183eb"

[[projects]]
  name = "golang.org/x/net"
  packages = ["context","context/ctxhttp","http2","http2/hpack","idna","internal/timeseries","lex/httplex","trace"]
  revision = "5ccada7d0a7ba9aeb5d3aca8d3501b4c2a509fec"

[[projects]]
  name = "golang.org/x/oauth2"
  packages = [".","google","internal","jws","jwt"]
  revision = "b28fcf2b08a19742b43084fb40ab78ac6c3d8067"

[[projects]]
  name = "golang.org/x/sync"
  packages = ["errgroup","semaphore"]
  revision = "fd80eb99c8f653c847d294a001bdf2a3a6f768f5"

[[projects]]
  branch = "master"
  name = "golang.org/x/sys"
  packages = ["unix","windows"]
  revision = "8a28ead16f52c8aaeffbf79239b251dfdf6c4f96"

[[projects]]
  name = "golang.org/x/text"
  packages = ["collate","collate/build","internal/colltab","internal/gen","internal/tag","internal/triegen","internal/ucd","language","secure/bidirule","transform","unicode/bidi","unicode/cldr","unicode/norm","unicode/rangetable"]
  revision = "e19ae1496984b1c655b8044a65c0300a3c878dd3"

[[projects]]
  name = "google.golang.org/api"
  packages = ["googleapi/transport","internal","iterator","option","support/bundler","transport","transport/grpc","transport/http"]
  revision = "bc96e9251952e80de14b88579b2e2e7d022ca939"

[[projects]]
  name = "google.golang.org/appengine"
  packages = [".","internal","internal/app_identity","internal/base","internal/datastore","internal/log","internal/modules","internal/remote_api","internal/socket","internal/urlfetch","socket","urlfetch"]
  revision = "24e4144ec923c2374f6b06610c0df16a9222c3d9"

[[projects]]
  name = "google.golang.org/genproto"
  packages = ["googleapis/api/annotations","googleapis/iam/v1","googleapis/pubsub/v1","googleapis/rpc/status","protobuf/field_mask"]
  revision = "a8101f21cf983e773d0c1133ebc5424792003214"

[[projects]]
  name = "google.golang.org/grpc"
  packages = [".","balancer","balancer/base","balancer/roundrobin","codes","connectivity","credentials","credentials/oauth","encoding","grpclb/grpc_lb_v1/messages","grpclog","internal","keepalive","metadata","naming","peer","resolver","resolver/dns","resolver/passthrough","stats","status","tap","transport"]
  revision = "b71aced4a2a1ee80a1cbbd26b85a57623790d7f4"

[[projects]]
  name = "gopkg.in/raintank/schema.v1"
  packages = [".","msg"]
  revision = "a323316458b5df84827551e9b6b5f61cb2de423b"
  version = "v1.4"

[solve-meta]
  analyzer-name = "dep"
  analyzer-version = 1
  inputs-digest = "5a46e1c5d192a37e299501ae9cf592f53de69332b8464fd16bee350c88e87ec2"
  solver-name = "gps-cdcl"
  solver-version = 1
